PODS:
  - WebViewJavascriptBridge (6.0.2)
  - WKWebViewJavascriptBridge (1.2.0)

DEPENDENCIES:
  - WebViewJavascriptBridge
  - WKWebViewJavascriptBridge (~> 1.2.0)

SPEC REPOS:
  https://github.com/cocoapods/specs.git:
    - WebViewJavascriptBridge
    - WKWebViewJavascriptBridge

SPEC CHECKSUMS:
  WebViewJavascriptBridge: 791ee0e26d1bf15efe5fb7fb9666a71a19b89d77
  WKWebViewJavascriptBridge: 43c5948c08c29b8777530d512d02eb921ca0881f

PODFILE CHECKSUM: d144329b88fdb81ba4a2ff72880ef9b74f8d1f38

COCOAPODS: 1.5.3
