// !$*UTF8*$!
{
	archiveVersion = 1;
	classes = {
	};
	objectVersion = 46;
	objects = {

/* Begin PBXBuildFile section */
		63D8A8289F9FA89158A32043 /* libPods-BJHybrid.a in Frameworks */ = {isa = PBXBuildFile; fileRef = 5042F7A688EE4B7237071E8F /* libPods-BJHybrid.a */; };
		A41119742435D14800C0386C /* BJUIWebViewController.m in Sources */ = {isa = PBXBuildFile; fileRef = A41119732435D14800C0386C /* BJUIWebViewController.m */; };
		E50F9AF721D23DE000668187 /* myWebView.html in Resources */ = {isa = PBXBuildFile; fileRef = E50F9ADB21D23DE000668187 /* myWebView.html */; };
		E50F9AF821D23DE000668187 /* BJWebViewController.m in Sources */ = {isa = PBXBuildFile; fileRef = E50F9ADC21D23DE000668187 /* BJWebViewController.m */; };
		E50F9AF921D23DE000668187 /* Assets.xcassets in Resources */ = {isa = PBXBuildFile; fileRef = E50F9ADE21D23DE000668187 /* Assets.xcassets */; };
		E50F9AFA21D23DE000668187 /* ViewController.m in Sources */ = {isa = PBXBuildFile; fileRef = E50F9ADF21D23DE000668187 /* ViewController.m */; };
		E50F9AFB21D23DE000668187 /* LaunchScreen.storyboard in Resources */ = {isa = PBXBuildFile; fileRef = E50F9AE121D23DE000668187 /* LaunchScreen.storyboard */; };
		E50F9AFC21D23DE000668187 /* Main.storyboard in Resources */ = {isa = PBXBuildFile; fileRef = E50F9AE321D23DE000668187 /* Main.storyboard */; };
		E50F9AFD21D23DE000668187 /* vendor.js in Resources */ = {isa = PBXBuildFile; fileRef = E50F9AE521D23DE000668187 /* vendor.js */; };
		E50F9AFE21D23DE000668187 /* main.m in Sources */ = {isa = PBXBuildFile; fileRef = E50F9AE621D23DE000668187 /* main.m */; };
		E50F9AFF21D23DE000668187 /* AppDelegate.m in Sources */ = {isa = PBXBuildFile; fileRef = E50F9AE721D23DE000668187 /* AppDelegate.m */; };
		E50F9B0121D23DE000668187 /* BJURLProtocol.m in Sources */ = {isa = PBXBuildFile; fileRef = E50F9AEB21D23DE000668187 /* BJURLProtocol.m */; };
		E50F9B0221D23DE000668187 /* BJWVViewController.m in Sources */ = {isa = PBXBuildFile; fileRef = E50F9AEC21D23DE000668187 /* BJWVViewController.m */; };
		E50F9B0421D23E8800668187 /* JSPatchPlatform.framework in Frameworks */ = {isa = PBXBuildFile; fileRef = E50F9B0321D23E8800668187 /* JSPatchPlatform.framework */; };
		E5A0B44C1E6E8EB300ECFFF1 /* libz.tbd in Frameworks */ = {isa = PBXBuildFile; fileRef = E5A0B44B1E6E8EB300ECFFF1 /* libz.tbd */; };
		E5A0B44E1E6E8EEE00ECFFF1 /* JavaScriptCore.framework in Frameworks */ = {isa = PBXBuildFile; fileRef = E5A0B44D1E6E8EEE00ECFFF1 /* JavaScriptCore.framework */; };
		E5A9AC682338C06800B1D6A6 /* BJWKWebViewViewController.m in Sources */ = {isa = PBXBuildFile; fileRef = E5A9AC5F2338C06800B1D6A6 /* BJWKWebViewViewController.m */; };
		E5A9AC692338C06800B1D6A6 /* index.html in Resources */ = {isa = PBXBuildFile; fileRef = E5A9AC612338C06800B1D6A6 /* index.html */; };
		E5A9AC6A2338C06800B1D6A6 /* index.css in Resources */ = {isa = PBXBuildFile; fileRef = E5A9AC632338C06800B1D6A6 /* index.css */; };
		E5A9AC6B2338C06800B1D6A6 /* index.js in Resources */ = {isa = PBXBuildFile; fileRef = E5A9AC652338C06800B1D6A6 /* index.js */; };
		E5A9AC6C2338C06800B1D6A6 /* knowledge_icon.png in Resources */ = {isa = PBXBuildFile; fileRef = E5A9AC672338C06800B1D6A6 /* knowledge_icon.png */; };
		E5A9AC742338C0B000B1D6A6 /* ExamApp.html in Resources */ = {isa = PBXBuildFile; fileRef = E5A9AC6E2338C0B000B1D6A6 /* ExamApp.html */; };
		E5A9AC752338C0B000B1D6A6 /* WebViewJavascriptBridgeViewController.m in Sources */ = {isa = PBXBuildFile; fileRef = E5A9AC6F2338C0B000B1D6A6 /* WebViewJavascriptBridgeViewController.m */; };
		E5A9AC762338C0B000B1D6A6 /* ExampleApp.html in Resources */ = {isa = PBXBuildFile; fileRef = E5A9AC702338C0B000B1D6A6 /* ExampleApp.html */; };
		E5A9AC772338C0B000B1D6A6 /* test.html in Resources */ = {isa = PBXBuildFile; fileRef = E5A9AC712338C0B000B1D6A6 /* test.html */; };
		E5A9AC782338C0B000B1D6A6 /* testOC.html in Resources */ = {isa = PBXBuildFile; fileRef = E5A9AC732338C0B000B1D6A6 /* testOC.html */; };
		E5BA2C7C21DE057500BC4CBC /* WKWebViewController.swift in Sources */ = {isa = PBXBuildFile; fileRef = E5BA2C7B21DE057500BC4CBC /* WKWebViewController.swift */; };
		E5BA2C7E21DE0BA200BC4CBC /* Demo.html in Resources */ = {isa = PBXBuildFile; fileRef = E5BA2C7D21DE0BA200BC4CBC /* Demo.html */; };
		E5CB082C222FCA04003FD486 /* BJWKWebViewController.m in Sources */ = {isa = PBXBuildFile; fileRef = E5CB082B222FCA04003FD486 /* BJWKWebViewController.m */; };
		E5DB8A921F7362C400520138 /* QuickLook.framework in Frameworks */ = {isa = PBXBuildFile; fileRef = E5DB8A911F7362C400520138 /* QuickLook.framework */; };
/* End PBXBuildFile section */

/* Begin PBXFileReference section */
		40529CE80C8D628737CFD9D9 /* Pods-BJHybrid.release.xcconfig */ = {isa = PBXFileReference; includeInIndex = 1; lastKnownFileType = text.xcconfig; name = "Pods-BJHybrid.release.xcconfig"; path = "Pods/Target Support Files/Pods-BJHybrid/Pods-BJHybrid.release.xcconfig"; sourceTree = "<group>"; };
		5042F7A688EE4B7237071E8F /* libPods-BJHybrid.a */ = {isa = PBXFileReference; explicitFileType = archive.ar; includeInIndex = 0; path = "libPods-BJHybrid.a"; sourceTree = BUILT_PRODUCTS_DIR; };
		92EC9756188E55DED487A129 /* Pods-BJHybrid.debug.xcconfig */ = {isa = PBXFileReference; includeInIndex = 1; lastKnownFileType = text.xcconfig; name = "Pods-BJHybrid.debug.xcconfig"; path = "Pods/Target Support Files/Pods-BJHybrid/Pods-BJHybrid.debug.xcconfig"; sourceTree = "<group>"; };
		A077312D58DD7AAD548D734E /* Pods-BJJSPatch.debug.xcconfig */ = {isa = PBXFileReference; includeInIndex = 1; lastKnownFileType = text.xcconfig; name = "Pods-BJJSPatch.debug.xcconfig"; path = "Pods/Target Support Files/Pods-BJJSPatch/Pods-BJJSPatch.debug.xcconfig"; sourceTree = "<group>"; };
		A41119722435D14800C0386C /* BJUIWebViewController.h */ = {isa = PBXFileReference; lastKnownFileType = sourcecode.c.h; path = BJUIWebViewController.h; sourceTree = "<group>"; };
		A41119732435D14800C0386C /* BJUIWebViewController.m */ = {isa = PBXFileReference; lastKnownFileType = sourcecode.c.objc; path = BJUIWebViewController.m; sourceTree = "<group>"; };
		E50F9ACE21D23DE000668187 /* AppDelegate.h */ = {isa = PBXFileReference; fileEncoding = 4; lastKnownFileType = sourcecode.c.h; path = AppDelegate.h; sourceTree = "<group>"; };
		E50F9AD821D23DE000668187 /* BJWebViewController.h */ = {isa = PBXFileReference; fileEncoding = 4; lastKnownFileType = sourcecode.c.h; path = BJWebViewController.h; sourceTree = "<group>"; };
		E50F9ADA21D23DE000668187 /* JSObjDelegate.h */ = {isa = PBXFileReference; fileEncoding = 4; lastKnownFileType = sourcecode.c.h; path = JSObjDelegate.h; sourceTree = "<group>"; };
		E50F9ADB21D23DE000668187 /* myWebView.html */ = {isa = PBXFileReference; fileEncoding = 4; lastKnownFileType = text.html; path = myWebView.html; sourceTree = "<group>"; };
		E50F9ADC21D23DE000668187 /* BJWebViewController.m */ = {isa = PBXFileReference; fileEncoding = 4; lastKnownFileType = sourcecode.c.objc; path = BJWebViewController.m; sourceTree = "<group>"; };
		E50F9ADE21D23DE000668187 /* Assets.xcassets */ = {isa = PBXFileReference; lastKnownFileType = folder.assetcatalog; path = Assets.xcassets; sourceTree = "<group>"; };
		E50F9ADF21D23DE000668187 /* ViewController.m */ = {isa = PBXFileReference; fileEncoding = 4; lastKnownFileType = sourcecode.c.objc; path = ViewController.m; sourceTree = "<group>"; };
		E50F9AE221D23DE000668187 /* Base */ = {isa = PBXFileReference; lastKnownFileType = file.storyboard; name = Base; path = Base.lproj/LaunchScreen.storyboard; sourceTree = "<group>"; };
		E50F9AE421D23DE000668187 /* Base */ = {isa = PBXFileReference; lastKnownFileType = file.storyboard; name = Base; path = Base.lproj/Main.storyboard; sourceTree = "<group>"; };
		E50F9AE521D23DE000668187 /* vendor.js */ = {isa = PBXFileReference; fileEncoding = 4; lastKnownFileType = sourcecode.javascript; path = vendor.js; sourceTree = "<group>"; };
		E50F9AE621D23DE000668187 /* main.m */ = {isa = PBXFileReference; fileEncoding = 4; lastKnownFileType = sourcecode.c.objc; path = main.m; sourceTree = "<group>"; };
		E50F9AE721D23DE000668187 /* AppDelegate.m */ = {isa = PBXFileReference; fileEncoding = 4; lastKnownFileType = sourcecode.c.objc; path = AppDelegate.m; sourceTree = "<group>"; };
		E50F9AEA21D23DE000668187 /* BJWVViewController.h */ = {isa = PBXFileReference; fileEncoding = 4; lastKnownFileType = sourcecode.c.h; path = BJWVViewController.h; sourceTree = "<group>"; };
		E50F9AEB21D23DE000668187 /* BJURLProtocol.m */ = {isa = PBXFileReference; fileEncoding = 4; lastKnownFileType = sourcecode.c.objc; path = BJURLProtocol.m; sourceTree = "<group>"; };
		E50F9AEC21D23DE000668187 /* BJWVViewController.m */ = {isa = PBXFileReference; fileEncoding = 4; lastKnownFileType = sourcecode.c.objc; path = BJWVViewController.m; sourceTree = "<group>"; };
		E50F9AED21D23DE000668187 /* BJURLProtocol.h */ = {isa = PBXFileReference; fileEncoding = 4; lastKnownFileType = sourcecode.c.h; path = BJURLProtocol.h; sourceTree = "<group>"; };
		E50F9AEF21D23DE000668187 /* ViewController.h */ = {isa = PBXFileReference; fileEncoding = 4; lastKnownFileType = sourcecode.c.h; path = ViewController.h; sourceTree = "<group>"; };
		E50F9B0321D23E8800668187 /* JSPatchPlatform.framework */ = {isa = PBXFileReference; lastKnownFileType = wrapper.framework; path = JSPatchPlatform.framework; sourceTree = "<group>"; };
		E5A0B42A1E6E8D6400ECFFF1 /* BJHybrid.app */ = {isa = PBXFileReference; explicitFileType = wrapper.application; includeInIndex = 0; path = BJHybrid.app; sourceTree = BUILT_PRODUCTS_DIR; };
		E5A0B44B1E6E8EB300ECFFF1 /* libz.tbd */ = {isa = PBXFileReference; lastKnownFileType = "sourcecode.text-based-dylib-definition"; name = libz.tbd; path = usr/lib/libz.tbd; sourceTree = SDKROOT; };
		E5A0B44D1E6E8EEE00ECFFF1 /* JavaScriptCore.framework */ = {isa = PBXFileReference; lastKnownFileType = wrapper.framework; name = JavaScriptCore.framework; path = System/Library/Frameworks/JavaScriptCore.framework; sourceTree = SDKROOT; };
		E5A9AC5E2338C06800B1D6A6 /* BJWKWebViewViewController.h */ = {isa = PBXFileReference; fileEncoding = 4; lastKnownFileType = sourcecode.c.h; path = BJWKWebViewViewController.h; sourceTree = "<group>"; };
		E5A9AC5F2338C06800B1D6A6 /* BJWKWebViewViewController.m */ = {isa = PBXFileReference; fileEncoding = 4; lastKnownFileType = sourcecode.c.objc; path = BJWKWebViewViewController.m; sourceTree = "<group>"; };
		E5A9AC612338C06800B1D6A6 /* index.html */ = {isa = PBXFileReference; fileEncoding = 4; lastKnownFileType = text.html; path = index.html; sourceTree = "<group>"; };
		E5A9AC632338C06800B1D6A6 /* index.css */ = {isa = PBXFileReference; fileEncoding = 4; lastKnownFileType = text.css; path = index.css; sourceTree = "<group>"; };
		E5A9AC652338C06800B1D6A6 /* index.js */ = {isa = PBXFileReference; fileEncoding = 4; lastKnownFileType = sourcecode.javascript; path = index.js; sourceTree = "<group>"; };
		E5A9AC672338C06800B1D6A6 /* knowledge_icon.png */ = {isa = PBXFileReference; lastKnownFileType = image.png; path = knowledge_icon.png; sourceTree = "<group>"; };
		E5A9AC6E2338C0B000B1D6A6 /* ExamApp.html */ = {isa = PBXFileReference; fileEncoding = 4; lastKnownFileType = text.html; path = ExamApp.html; sourceTree = "<group>"; };
		E5A9AC6F2338C0B000B1D6A6 /* WebViewJavascriptBridgeViewController.m */ = {isa = PBXFileReference; fileEncoding = 4; lastKnownFileType = sourcecode.c.objc; path = WebViewJavascriptBridgeViewController.m; sourceTree = "<group>"; };
		E5A9AC702338C0B000B1D6A6 /* ExampleApp.html */ = {isa = PBXFileReference; fileEncoding = 4; lastKnownFileType = text.html; path = ExampleApp.html; sourceTree = "<group>"; };
		E5A9AC712338C0B000B1D6A6 /* test.html */ = {isa = PBXFileReference; fileEncoding = 4; lastKnownFileType = text.html; path = test.html; sourceTree = "<group>"; };
		E5A9AC722338C0B000B1D6A6 /* WebViewJavascriptBridgeViewController.h */ = {isa = PBXFileReference; fileEncoding = 4; lastKnownFileType = sourcecode.c.h; path = WebViewJavascriptBridgeViewController.h; sourceTree = "<group>"; };
		E5A9AC732338C0B000B1D6A6 /* testOC.html */ = {isa = PBXFileReference; fileEncoding = 4; lastKnownFileType = text.html; path = testOC.html; sourceTree = "<group>"; };
		E5BA2C7A21DE057500BC4CBC /* BJHybrid-Bridging-Header.h */ = {isa = PBXFileReference; lastKnownFileType = sourcecode.c.h; path = "BJHybrid-Bridging-Header.h"; sourceTree = "<group>"; };
		E5BA2C7B21DE057500BC4CBC /* WKWebViewController.swift */ = {isa = PBXFileReference; lastKnownFileType = sourcecode.swift; path = WKWebViewController.swift; sourceTree = "<group>"; };
		E5BA2C7D21DE0BA200BC4CBC /* Demo.html */ = {isa = PBXFileReference; fileEncoding = 4; lastKnownFileType = text.html; path = Demo.html; sourceTree = "<group>"; };
		E5CB082A222FCA04003FD486 /* BJWKWebViewController.h */ = {isa = PBXFileReference; lastKnownFileType = sourcecode.c.h; path = BJWKWebViewController.h; sourceTree = "<group>"; };
		E5CB082B222FCA04003FD486 /* BJWKWebViewController.m */ = {isa = PBXFileReference; lastKnownFileType = sourcecode.c.objc; path = BJWKWebViewController.m; sourceTree = "<group>"; };
		E5DB8A911F7362C400520138 /* QuickLook.framework */ = {isa = PBXFileReference; lastKnownFileType = wrapper.framework; name = QuickLook.framework; path = System/Library/Frameworks/QuickLook.framework; sourceTree = SDKROOT; };
		FF114C2E6AFC469333AF0C63 /* Pods-BJJSPatch.release.xcconfig */ = {isa = PBXFileReference; includeInIndex = 1; lastKnownFileType = text.xcconfig; name = "Pods-BJJSPatch.release.xcconfig"; path = "Pods/Target Support Files/Pods-BJJSPatch/Pods-BJJSPatch.release.xcconfig"; sourceTree = "<group>"; };
/* End PBXFileReference section */

/* Begin PBXFrameworksBuildPhase section */
		E5A0B4271E6E8D6400ECFFF1 /* Frameworks */ = {
			isa = PBXFrameworksBuildPhase;
			buildActionMask = 2147483647;
			files = (
				E5DB8A921F7362C400520138 /* QuickLook.framework in Frameworks */,
				E5A0B44E1E6E8EEE00ECFFF1 /* JavaScriptCore.framework in Frameworks */,
				E5A0B44C1E6E8EB300ECFFF1 /* libz.tbd in Frameworks */,
				E50F9B0421D23E8800668187 /* JSPatchPlatform.framework in Frameworks */,
				63D8A8289F9FA89158A32043 /* libPods-BJHybrid.a in Frameworks */,
			);
			runOnlyForDeploymentPostprocessing = 0;
		};
/* End PBXFrameworksBuildPhase section */

/* Begin PBXGroup section */
		22E7A83C3D4260756AE6AA7C /* Pods */ = {
			isa = PBXGroup;
			children = (
				A077312D58DD7AAD548D734E /* Pods-BJJSPatch.debug.xcconfig */,
				FF114C2E6AFC469333AF0C63 /* Pods-BJJSPatch.release.xcconfig */,
				92EC9756188E55DED487A129 /* Pods-BJHybrid.debug.xcconfig */,
				40529CE80C8D628737CFD9D9 /* Pods-BJHybrid.release.xcconfig */,
			);
			name = Pods;
			sourceTree = "<group>";
		};
		A41119712435CFDD00C0386C /* BJUIWebView */ = {
			isa = PBXGroup;
			children = (
				A41119722435D14800C0386C /* BJUIWebViewController.h */,
				A41119732435D14800C0386C /* BJUIWebViewController.m */,
			);
			path = BJUIWebView;
			sourceTree = "<group>";
		};
		E50F9ACD21D23DE000668187 /* BJHybrid */ = {
			isa = PBXGroup;
			children = (
				E50F9ACE21D23DE000668187 /* AppDelegate.h */,
				E50F9AE721D23DE000668187 /* AppDelegate.m */,
				E50F9AEF21D23DE000668187 /* ViewController.h */,
				E50F9ADF21D23DE000668187 /* ViewController.m */,
				E50F9AE921D23DE000668187 /* NSURLProtocol */,
				A41119712435CFDD00C0386C /* BJUIWebView */,
				E50F9AD721D23DE000668187 /* JavaScriptCore&UIWebView */,
				E5A9AC6D2338C0B000B1D6A6 /* UIWebViewJavascriptBridge */,
				E5CB0829222FC9C5003FD486 /* BJWKWebView */,
				E5A9AC5D2338C06800B1D6A6 /* WebKit&WKWebView */,
				E50F9AEE21D23DE000668187 /* WKWebViewJavascriptBridge */,
				E50F9ADE21D23DE000668187 /* Assets.xcassets */,
				E50F9AE121D23DE000668187 /* LaunchScreen.storyboard */,
				E50F9AE321D23DE000668187 /* Main.storyboard */,
				E50F9AE521D23DE000668187 /* vendor.js */,
				E50F9AE621D23DE000668187 /* main.m */,
			);
			path = BJHybrid;
			sourceTree = "<group>";
		};
		E50F9AD721D23DE000668187 /* JavaScriptCore&UIWebView */ = {
			isa = PBXGroup;
			children = (
				E50F9AD821D23DE000668187 /* BJWebViewController.h */,
				E50F9ADC21D23DE000668187 /* BJWebViewController.m */,
				E50F9ADA21D23DE000668187 /* JSObjDelegate.h */,
				E50F9ADB21D23DE000668187 /* myWebView.html */,
			);
			path = "JavaScriptCore&UIWebView";
			sourceTree = "<group>";
		};
		E50F9AE921D23DE000668187 /* NSURLProtocol */ = {
			isa = PBXGroup;
			children = (
				E50F9AEA21D23DE000668187 /* BJWVViewController.h */,
				E50F9AEC21D23DE000668187 /* BJWVViewController.m */,
				E50F9AEB21D23DE000668187 /* BJURLProtocol.m */,
				E50F9AED21D23DE000668187 /* BJURLProtocol.h */,
			);
			path = NSURLProtocol;
			sourceTree = "<group>";
		};
		E50F9AEE21D23DE000668187 /* WKWebViewJavascriptBridge */ = {
			isa = PBXGroup;
			children = (
				E5BA2C7B21DE057500BC4CBC /* WKWebViewController.swift */,
				E5BA2C7A21DE057500BC4CBC /* BJHybrid-Bridging-Header.h */,
				E5BA2C7D21DE0BA200BC4CBC /* Demo.html */,
			);
			path = WKWebViewJavascriptBridge;
			sourceTree = "<group>";
		};
		E5A0B4211E6E8D6400ECFFF1 = {
			isa = PBXGroup;
			children = (
				E50F9ACD21D23DE000668187 /* BJHybrid */,
				E5A0B42B1E6E8D6400ECFFF1 /* Products */,
				E5A0B4461E6E8DC300ECFFF1 /* Frameworks */,
				22E7A83C3D4260756AE6AA7C /* Pods */,
			);
			sourceTree = "<group>";
		};
		E5A0B42B1E6E8D6400ECFFF1 /* Products */ = {
			isa = PBXGroup;
			children = (
				E5A0B42A1E6E8D6400ECFFF1 /* BJHybrid.app */,
			);
			name = Products;
			sourceTree = "<group>";
		};
		E5A0B4461E6E8DC300ECFFF1 /* Frameworks */ = {
			isa = PBXGroup;
			children = (
				E50F9B0321D23E8800668187 /* JSPatchPlatform.framework */,
				E5DB8A911F7362C400520138 /* QuickLook.framework */,
				E5A0B44D1E6E8EEE00ECFFF1 /* JavaScriptCore.framework */,
				E5A0B44B1E6E8EB300ECFFF1 /* libz.tbd */,
				5042F7A688EE4B7237071E8F /* libPods-BJHybrid.a */,
			);
			name = Frameworks;
			sourceTree = "<group>";
		};
		E5A9AC5D2338C06800B1D6A6 /* WebKit&WKWebView */ = {
			isa = PBXGroup;
			children = (
				E5A9AC5E2338C06800B1D6A6 /* BJWKWebViewViewController.h */,
				E5A9AC5F2338C06800B1D6A6 /* BJWKWebViewViewController.m */,
				E5A9AC602338C06800B1D6A6 /* Resource */,
			);
			path = "WebKit&WKWebView";
			sourceTree = "<group>";
		};
		E5A9AC602338C06800B1D6A6 /* Resource */ = {
			isa = PBXGroup;
			children = (
				E5A9AC612338C06800B1D6A6 /* index.html */,
				E5A9AC622338C06800B1D6A6 /* css */,
				E5A9AC642338C06800B1D6A6 /* js */,
				E5A9AC662338C06800B1D6A6 /* img */,
			);
			path = Resource;
			sourceTree = "<group>";
		};
		E5A9AC622338C06800B1D6A6 /* css */ = {
			isa = PBXGroup;
			children = (
				E5A9AC632338C06800B1D6A6 /* index.css */,
			);
			path = css;
			sourceTree = "<group>";
		};
		E5A9AC642338C06800B1D6A6 /* js */ = {
			isa = PBXGroup;
			children = (
				E5A9AC652338C06800B1D6A6 /* index.js */,
			);
			path = js;
			sourceTree = "<group>";
		};
		E5A9AC662338C06800B1D6A6 /* img */ = {
			isa = PBXGroup;
			children = (
				E5A9AC672338C06800B1D6A6 /* knowledge_icon.png */,
			);
			path = img;
			sourceTree = "<group>";
		};
		E5A9AC6D2338C0B000B1D6A6 /* UIWebViewJavascriptBridge */ = {
			isa = PBXGroup;
			children = (
				E5A9AC722338C0B000B1D6A6 /* WebViewJavascriptBridgeViewController.h */,
				E5A9AC6F2338C0B000B1D6A6 /* WebViewJavascriptBridgeViewController.m */,
				E5A9AC702338C0B000B1D6A6 /* ExampleApp.html */,
				E5A9AC712338C0B000B1D6A6 /* test.html */,
				E5A9AC6E2338C0B000B1D6A6 /* ExamApp.html */,
				E5A9AC732338C0B000B1D6A6 /* testOC.html */,
			);
			path = UIWebViewJavascriptBridge;
			sourceTree = "<group>";
		};
		E5CB0829222FC9C5003FD486 /* BJWKWebView */ = {
			isa = PBXGroup;
			children = (
				E5CB082A222FCA04003FD486 /* BJWKWebViewController.h */,
				E5CB082B222FCA04003FD486 /* BJWKWebViewController.m */,
			);
			path = BJWKWebView;
			sourceTree = "<group>";
		};
/* End PBXGroup section */

/* Begin PBXNativeTarget section */
		E5A0B4291E6E8D6400ECFFF1 /* BJHybrid */ = {
			isa = PBXNativeTarget;
			buildConfigurationList = E5A0B4411E6E8D6400ECFFF1 /* Build configuration list for PBXNativeTarget "BJHybrid" */;
			buildPhases = (
				D9554BF5393F4C880FA0DE16 /* [CP] Check Pods Manifest.lock */,
				E5A0B4261E6E8D6400ECFFF1 /* Sources */,
				E5A0B4271E6E8D6400ECFFF1 /* Frameworks */,
				E5A0B4281E6E8D6400ECFFF1 /* Resources */,
			);
			buildRules = (
			);
			dependencies = (
			);
			name = BJHybrid;
			productName = BJJSPatch;
			productReference = E5A0B42A1E6E8D6400ECFFF1 /* BJHybrid.app */;
			productType = "com.apple.product-type.application";
		};
/* End PBXNativeTarget section */

/* Begin PBXProject section */
		E5A0B4221E6E8D6400ECFFF1 /* Project object */ = {
			isa = PBXProject;
			attributes = {
				LastUpgradeCheck = 1010;
				ORGANIZATIONNAME = zhangwenjun;
				TargetAttributes = {
					E5A0B4291E6E8D6400ECFFF1 = {
						CreatedOnToolsVersion = 8.2.1;
						DevelopmentTeam = F79H2LLK8B;
						LastSwiftMigration = 1010;
						ProvisioningStyle = Automatic;
					};
				};
			};
			buildConfigurationList = E5A0B4251E6E8D6400ECFFF1 /* Build configuration list for PBXProject "BJHybrid" */;
			compatibilityVersion = "Xcode 3.2";
			developmentRegion = English;
			hasScannedForEncodings = 0;
			knownRegions = (
				English,
				en,
				Base,
			);
			mainGroup = E5A0B4211E6E8D6400ECFFF1;
			productRefGroup = E5A0B42B1E6E8D6400ECFFF1 /* Products */;
			projectDirPath = "";
			projectRoot = "";
			targets = (
				E5A0B4291E6E8D6400ECFFF1 /* BJHybrid */,
			);
		};
/* End PBXProject section */

/* Begin PBXResourcesBuildPhase section */
		E5A0B4281E6E8D6400ECFFF1 /* Resources */ = {
			isa = PBXResourcesBuildPhase;
			buildActionMask = 2147483647;
			files = (
				E5A9AC692338C06800B1D6A6 /* index.html in Resources */,
				E5BA2C7E21DE0BA200BC4CBC /* Demo.html in Resources */,
				E50F9AF721D23DE000668187 /* myWebView.html in Resources */,
				E50F9AFC21D23DE000668187 /* Main.storyboard in Resources */,
				E50F9AFD21D23DE000668187 /* vendor.js in Resources */,
				E5A9AC6A2338C06800B1D6A6 /* index.css in Resources */,
				E50F9AFB21D23DE000668187 /* LaunchScreen.storyboard in Resources */,
				E50F9AF921D23DE000668187 /* Assets.xcassets in Resources */,
				E5A9AC782338C0B000B1D6A6 /* testOC.html in Resources */,
				E5A9AC742338C0B000B1D6A6 /* ExamApp.html in Resources */,
				E5A9AC6B2338C06800B1D6A6 /* index.js in Resources */,
				E5A9AC6C2338C06800B1D6A6 /* knowledge_icon.png in Resources */,
				E5A9AC772338C0B000B1D6A6 /* test.html in Resources */,
				E5A9AC762338C0B000B1D6A6 /* ExampleApp.html in Resources */,
			);
			runOnlyForDeploymentPostprocessing = 0;
		};
/* End PBXResourcesBuildPhase section */

/* Begin PBXShellScriptBuildPhase section */
		D9554BF5393F4C880FA0DE16 /* [CP] Check Pods Manifest.lock */ = {
			isa = PBXShellScriptBuildPhase;
			buildActionMask = 2147483647;
			files = (
			);
			inputPaths = (
				"${PODS_PODFILE_DIR_PATH}/Podfile.lock",
				"${PODS_ROOT}/Manifest.lock",
			);
			name = "[CP] Check Pods Manifest.lock";
			outputPaths = (
				"$(DERIVED_FILE_DIR)/Pods-BJHybrid-checkManifestLockResult.txt",
			);
			runOnlyForDeploymentPostprocessing = 0;
			shellPath = /bin/sh;
			shellScript = "diff \"${PODS_PODFILE_DIR_PATH}/Podfile.lock\" \"${PODS_ROOT}/Manifest.lock\" > /dev/null\nif [ $? != 0 ] ; then\n    # print error to STDERR\n    echo \"error: The sandbox is not in sync with the Podfile.lock. Run 'pod install' or update your CocoaPods installation.\" >&2\n    exit 1\nfi\n# This output is used by Xcode 'outputs' to avoid re-running this script phase.\necho \"SUCCESS\" > \"${SCRIPT_OUTPUT_FILE_0}\"\n";
			showEnvVarsInLog = 0;
		};
/* End PBXShellScriptBuildPhase section */

/* Begin PBXSourcesBuildPhase section */
		E5A0B4261E6E8D6400ECFFF1 /* Sources */ = {
			isa = PBXSourcesBuildPhase;
			buildActionMask = 2147483647;
			files = (
				E50F9AFE21D23DE000668187 /* main.m in Sources */,
				E50F9B0121D23DE000668187 /* BJURLProtocol.m in Sources */,
				E50F9AFF21D23DE000668187 /* AppDelegate.m in Sources */,
				E5BA2C7C21DE057500BC4CBC /* WKWebViewController.swift in Sources */,
				E50F9AFA21D23DE000668187 /* ViewController.m in Sources */,
				A41119742435D14800C0386C /* BJUIWebViewController.m in Sources */,
				E5A9AC752338C0B000B1D6A6 /* WebViewJavascriptBridgeViewController.m in Sources */,
				E50F9AF821D23DE000668187 /* BJWebViewController.m in Sources */,
				E50F9B0221D23DE000668187 /* BJWVViewController.m in Sources */,
				E5A9AC682338C06800B1D6A6 /* BJWKWebViewViewController.m in Sources */,
				E5CB082C222FCA04003FD486 /* BJWKWebViewController.m in Sources */,
			);
			runOnlyForDeploymentPostprocessing = 0;
		};
/* End PBXSourcesBuildPhase section */

/* Begin PBXVariantGroup section */
		E50F9AE121D23DE000668187 /* LaunchScreen.storyboard */ = {
			isa = PBXVariantGroup;
			children = (
				E50F9AE221D23DE000668187 /* Base */,
			);
			name = LaunchScreen.storyboard;
			sourceTree = "<group>";
		};
		E50F9AE321D23DE000668187 /* Main.storyboard */ = {
			isa = PBXVariantGroup;
			children = (
				E50F9AE421D23DE000668187 /* Base */,
			);
			name = Main.storyboard;
			sourceTree = "<group>";
		};
/* End PBXVariantGroup section */

/* Begin XCBuildConfiguration section */
		E5A0B43F1E6E8D6400ECFFF1 /* Debug */ = {
			isa = XCBuildConfiguration;
			buildSettings = {
				ALWAYS_SEARCH_USER_PATHS = NO;
				CLANG_ANALYZER_NONNULL = YES;
				CLANG_CXX_LANGUAGE_STANDARD = "gnu++0x";
				CLANG_CXX_LIBRARY = "libc++";
				CLANG_ENABLE_MODULES = YES;
				CLANG_ENABLE_OBJC_ARC = YES;
				CLANG_WARN_BLOCK_CAPTURE_AUTORELEASING = YES;
				CLANG_WARN_BOOL_CONVERSION = YES;
				CLANG_WARN_COMMA = YES;
				CLANG_WARN_CONSTANT_CONVERSION = YES;
				CLANG_WARN_DEPRECATED_OBJC_IMPLEMENTATIONS = YES;
				CLANG_WARN_DIRECT_OBJC_ISA_USAGE = YES_ERROR;
				CLANG_WARN_DOCUMENTATION_COMMENTS = YES;
				CLANG_WARN_EMPTY_BODY = YES;
				CLANG_WARN_ENUM_CONVERSION = YES;
				CLANG_WARN_INFINITE_RECURSION = YES;
				CLANG_WARN_INT_CONVERSION = YES;
				CLANG_WARN_NON_LITERAL_NULL_CONVERSION = YES;
				CLANG_WARN_OBJC_IMPLICIT_RETAIN_SELF = YES;
				CLANG_WARN_OBJC_LITERAL_CONVERSION = YES;
				CLANG_WARN_OBJC_ROOT_CLASS = YES_ERROR;
				CLANG_WARN_RANGE_LOOP_ANALYSIS = YES;
				CLANG_WARN_STRICT_PROTOTYPES = YES;
				CLANG_WARN_SUSPICIOUS_MOVE = YES;
				CLANG_WARN_UNREACHABLE_CODE = YES;
				CLANG_WARN__DUPLICATE_METHOD_MATCH = YES;
				"CODE_SIGN_IDENTITY[sdk=iphoneos*]" = "iPhone Developer";
				COPY_PHASE_STRIP = NO;
				DEBUG_INFORMATION_FORMAT = dwarf;
				ENABLE_STRICT_OBJC_MSGSEND = YES;
				ENABLE_TESTABILITY = YES;
				GCC_C_LANGUAGE_STANDARD = gnu99;
				GCC_DYNAMIC_NO_PIC = NO;
				GCC_NO_COMMON_BLOCKS = YES;
				GCC_OPTIMIZATION_LEVEL = 0;
				GCC_PREPROCESSOR_DEFINITIONS = (
					"DEBUG=1",
					"$(inherited)",
				);
				GCC_WARN_64_TO_32_BIT_CONVERSION = YES;
				GCC_WARN_ABOUT_RETURN_TYPE = YES_ERROR;
				GCC_WARN_UNDECLARED_SELECTOR = YES;
				GCC_WARN_UNINITIALIZED_AUTOS = YES_AGGRESSIVE;
				GCC_WARN_UNUSED_FUNCTION = YES;
				GCC_WARN_UNUSED_VARIABLE = YES;
				IPHONEOS_DEPLOYMENT_TARGET = 9.0;
				MTL_ENABLE_DEBUG_INFO = YES;
				ONLY_ACTIVE_ARCH = YES;
				SDKROOT = iphoneos;
			};
			name = Debug;
		};
		E5A0B4401E6E8D6400ECFFF1 /* Release */ = {
			isa = XCBuildConfiguration;
			buildSettings = {
				ALWAYS_SEARCH_USER_PATHS = NO;
				CLANG_ANALYZER_NONNULL = YES;
				CLANG_CXX_LANGUAGE_STANDARD = "gnu++0x";
				CLANG_CXX_LIBRARY = "libc++";
				CLANG_ENABLE_MODULES = YES;
				CLANG_ENABLE_OBJC_ARC = YES;
				CLANG_WARN_BLOCK_CAPTURE_AUTORELEASING = YES;
				CLANG_WARN_BOOL_CONVERSION = YES;
				CLANG_WARN_COMMA = YES;
				CLANG_WARN_CONSTANT_CONVERSION = YES;
				CLANG_WARN_DEPRECATED_OBJC_IMPLEMENTATIONS = YES;
				CLANG_WARN_DIRECT_OBJC_ISA_USAGE = YES_ERROR;
				CLANG_WARN_DOCUMENTATION_COMMENTS = YES;
				CLANG_WARN_EMPTY_BODY = YES;
				CLANG_WARN_ENUM_CONVERSION = YES;
				CLANG_WARN_INFINITE_RECURSION = YES;
				CLANG_WARN_INT_CONVERSION = YES;
				CLANG_WARN_NON_LITERAL_NULL_CONVERSION = YES;
				CLANG_WARN_OBJC_IMPLICIT_RETAIN_SELF = YES;
				CLANG_WARN_OBJC_LITERAL_CONVERSION = YES;
				CLANG_WARN_OBJC_ROOT_CLASS = YES_ERROR;
				CLANG_WARN_RANGE_LOOP_ANALYSIS = YES;
				CLANG_WARN_STRICT_PROTOTYPES = YES;
				CLANG_WARN_SUSPICIOUS_MOVE = YES;
				CLANG_WARN_UNREACHABLE_CODE = YES;
				CLANG_WARN__DUPLICATE_METHOD_MATCH = YES;
				"CODE_SIGN_IDENTITY[sdk=iphoneos*]" = "iPhone Developer";
				COPY_PHASE_STRIP = NO;
				DEBUG_INFORMATION_FORMAT = "dwarf-with-dsym";
				ENABLE_NS_ASSERTIONS = NO;
				ENABLE_STRICT_OBJC_MSGSEND = YES;
				GCC_C_LANGUAGE_STANDARD = gnu99;
				GCC_NO_COMMON_BLOCKS = YES;
				GCC_WARN_64_TO_32_BIT_CONVERSION = YES;
				GCC_WARN_ABOUT_RETURN_TYPE = YES_ERROR;
				GCC_WARN_UNDECLARED_SELECTOR = YES;
				GCC_WARN_UNINITIALIZED_AUTOS = YES_AGGRESSIVE;
				GCC_WARN_UNUSED_FUNCTION = YES;
				GCC_WARN_UNUSED_VARIABLE = YES;
				IPHONEOS_DEPLOYMENT_TARGET = 9.0;
				MTL_ENABLE_DEBUG_INFO = NO;
				SDKROOT = iphoneos;
				VALIDATE_PRODUCT = YES;
			};
			name = Release;
		};
		E5A0B4421E6E8D6400ECFFF1 /* Debug */ = {
			isa = XCBuildConfiguration;
			baseConfigurationReference = 92EC9756188E55DED487A129 /* Pods-BJHybrid.debug.xcconfig */;
			buildSettings = {
				ALWAYS_EMBED_SWIFT_STANDARD_LIBRARIES = YES;
				ASSETCATALOG_COMPILER_APPICON_NAME = AppIcon;
				CLANG_ENABLE_MODULES = YES;
				DEVELOPMENT_TEAM = F79H2LLK8B;
				FRAMEWORK_SEARCH_PATHS = (
					"$(inherited)",
					"$(PROJECT_DIR)/BJHybrid",
					"$(PROJECT_DIR)",
				);
				INFOPLIST_FILE = BJHybrid/Info.plist;
				IPHONEOS_DEPLOYMENT_TARGET = 9.0;
				LD_RUNPATH_SEARCH_PATHS = "$(inherited) @executable_path/Frameworks";
				ONLY_ACTIVE_ARCH = YES;
				PRODUCT_BUNDLE_IDENTIFIER = zhangwenjun.BJJSPatch;
				PRODUCT_NAME = "$(TARGET_NAME)";
				SWIFT_OBJC_BRIDGING_HEADER = "BJHybrid/WKWebViewJavascriptBridge/BJHybrid-Bridging-Header.h";
				SWIFT_OPTIMIZATION_LEVEL = "-Onone";
				SWIFT_VERSION = 4.2;
				VALID_ARCHS = "arm64 armv7 armv7s";
			};
			name = Debug;
		};
		E5A0B4431E6E8D6400ECFFF1 /* Release */ = {
			isa = XCBuildConfiguration;
			baseConfigurationReference = 40529CE80C8D628737CFD9D9 /* Pods-BJHybrid.release.xcconfig */;
			buildSettings = {
				ALWAYS_EMBED_SWIFT_STANDARD_LIBRARIES = YES;
				ASSETCATALOG_COMPILER_APPICON_NAME = AppIcon;
				CLANG_ENABLE_MODULES = YES;
				DEVELOPMENT_TEAM = F79H2LLK8B;
				FRAMEWORK_SEARCH_PATHS = (
					"$(inherited)",
					"$(PROJECT_DIR)/BJHybrid",
					"$(PROJECT_DIR)",
				);
				INFOPLIST_FILE = BJHybrid/Info.plist;
				IPHONEOS_DEPLOYMENT_TARGET = 9.0;
				LD_RUNPATH_SEARCH_PATHS = "$(inherited) @executable_path/Frameworks";
				PRODUCT_BUNDLE_IDENTIFIER = zhangwenjun.BJJSPatch;
				PRODUCT_NAME = "$(TARGET_NAME)";
				SWIFT_OBJC_BRIDGING_HEADER = "BJHybrid/WKWebViewJavascriptBridge/BJHybrid-Bridging-Header.h";
				SWIFT_VERSION = 4.2;
				VALID_ARCHS = "arm64 armv7 armv7s";
			};
			name = Release;
		};
/* End XCBuildConfiguration section */

/* Begin XCConfigurationList section */
		E5A0B4251E6E8D6400ECFFF1 /* Build configuration list for PBXProject "BJHybrid" */ = {
			isa = XCConfigurationList;
			buildConfigurations = (
				E5A0B43F1E6E8D6400ECFFF1 /* Debug */,
				E5A0B4401E6E8D6400ECFFF1 /* Release */,
			);
			defaultConfigurationIsVisible = 0;
			defaultConfigurationName = Release;
		};
		E5A0B4411E6E8D6400ECFFF1 /* Build configuration list for PBXNativeTarget "BJHybrid" */ = {
			isa = XCConfigurationList;
			buildConfigurations = (
				E5A0B4421E6E8D6400ECFFF1 /* Debug */,
				E5A0B4431E6E8D6400ECFFF1 /* Release */,
			);
			defaultConfigurationIsVisible = 0;
			defaultConfigurationName = Release;
		};
/* End XCConfigurationList section */
	};
	rootObject = E5A0B4221E6E8D6400ECFFF1 /* Project object */;
}
